
Microsoft Visual Studio Solution File, Format Version 12.00
# Visual Studio 2012
Project("{FAE04EC0-301F-11D3-BF4B-00C04F79EFBC}") = "XamLights", "XamLights\XamLights.csproj", "{6039CBF4-03CE-4AA1-8971-51CC465D14E0}"
EndProject
Project("{FAE04EC0-301F-11D3-BF4B-00C04F79EFBC}") = "XamLights.iOS", "iOS\XamLights.iOS.csproj", "{9B5533F9-49C8-44B7-83DC-C42E92A56896}"
EndProject
Project("{FAE04EC0-301F-11D3-BF4B-00C04F79EFBC}") = "XamLights.Droid", "Droid\XamLights.Droid.csproj", "{06089E23-9C8F-403B-A57B-DF9A1C326A52}"
EndProject
Global
	GlobalSection(SolutionConfigurationPlatforms) = preSolution
		Debug|Any CPU = Debug|Any CPU
		Release|Any CPU = Release|Any CPU
		Debug|iPhoneSimulator = Debug|iPhoneSimulator
		Release|iPhone = Release|iPhone
		Release|iPhoneSimulator = Release|iPhoneSimulator
		Debug|iPhone = Debug|iPhone
	EndGlobalSection
	GlobalSection(ProjectConfigurationPlatforms) = postSolution
		{6039CBF4-03CE-4AA1-8971-51CC465D14E0}.Debug|Any CPU.ActiveCfg = Debug|Any CPU
		{6039CBF4-03CE-4AA1-8971-51CC465D14E0}.Debug|Any CPU.Build.0 = Debug|Any CPU
		{6039CBF4-03CE-4AA1-8971-51CC465D14E0}.Release|Any CPU.ActiveCfg = Release|Any CPU
		{6039CBF4-03CE-4AA1-8971-51CC465D14E0}.Release|Any CPU.Build.0 = Release|Any CPU
		{6039CBF4-03CE-4AA1-8971-51CC465D14E0}.Debug|iPhoneSimulator.ActiveCfg = Debug|Any CPU
		{6039CBF4-03CE-4AA1-8971-51CC465D14E0}.Debug|iPhoneSimulator.Build.0 = Debug|Any CPU
		{6039CBF4-03CE-4AA1-8971-51CC465D14E0}.Release|iPhone.ActiveCfg = Release|Any CPU
		{6039CBF4-03CE-4AA1-8971-51CC465D14E0}.Release|iPhone.Build.0 = Release|Any CPU
		{6039CBF4-03CE-4AA1-8971-51CC465D14E0}.Release|iPhoneSimulator.ActiveCfg = Release|Any CPU
		{6039CBF4-03CE-4AA1-8971-51CC465D14E0}.Release|iPhoneSimulator.Build.0 = Release|Any CPU
		{6039CBF4-03CE-4AA1-8971-51CC465D14E0}.Debug|iPhone.ActiveCfg = Debug|Any CPU
		{6039CBF4-03CE-4AA1-8971-51CC465D14E0}.Debug|iPhone.Build.0 = Debug|Any CPU
		{9B5533F9-49C8-44B7-83DC-C42E92A56896}.Debug|Any CPU.ActiveCfg = Debug|iPhoneSimulator
		{9B5533F9-49C8-44B7-83DC-C42E92A56896}.Debug|Any CPU.Build.0 = Debug|iPhoneSimulator
		{9B5533F9-49C8-44B7-83DC-C42E92A56896}.Release|Any CPU.ActiveCfg = Release|iPhone
		{9B5533F9-49C8-44B7-83DC-C42E92A56896}.Release|Any CPU.Build.0 = Release|iPhone
		{9B5533F9-49C8-44B7-83DC-C42E92A56896}.Debug|iPhoneSimulator.ActiveCfg = Debug|iPhoneSimulator
		{9B5533F9-49C8-44B7-83DC-C42E92A56896}.Debug|iPhoneSimulator.Build.0 = Debug|iPhoneSimulator
		{9B5533F9-49C8-44B7-83DC-C42E92A56896}.Release|iPhone.ActiveCfg = Release|iPhone
		{9B5533F9-49C8-44B7-83DC-C42E92A56896}.Release|iPhone.Build.0 = Release|iPhone
		{9B5533F9-49C8-44B7-83DC-C42E92A56896}.Release|iPhoneSimulator.ActiveCfg = Release|iPhoneSimulator
		{9B5533F9-49C8-44B7-83DC-C42E92A56896}.Release|iPhoneSimulator.Build.0 = Release|iPhoneSimulator
		{9B5533F9-49C8-44B7-83DC-C42E92A56896}.Debug|iPhone.ActiveCfg = Debug|iPhone
		{9B5533F9-49C8-44B7-83DC-C42E92A56896}.Debug|iPhone.Build.0 = Debug|iPhone
		{06089E23-9C8F-403B-A57B-DF9A1C326A52}.Debug|Any CPU.ActiveCfg = Debug|Any CPU
		{06089E23-9C8F-403B-A57B-DF9A1C326A52}.Debug|Any CPU.Build.0 = Debug|Any CPU
		{06089E23-9C8F-403B-A57B-DF9A1C326A52}.Release|Any CPU.ActiveCfg = Release|Any CPU
		{06089E23-9C8F-403B-A57B-DF9A1C326A52}.Release|Any CPU.Build.0 = Release|Any CPU
		{06089E23-9C8F-403B-A57B-DF9A1C326A52}.Debug|iPhoneSimulator.ActiveCfg = Debug|Any CPU
		{06089E23-9C8F-403B-A57B-DF9A1C326A52}.Debug|iPhoneSimulator.Build.0 = Debug|Any CPU
		{06089E23-9C8F-403B-A57B-DF9A1C326A52}.Release|iPhone.ActiveCfg = Release|Any CPU
		{06089E23-9C8F-403B-A57B-DF9A1C326A52}.Release|iPhone.Build.0 = Release|Any CPU
		{06089E23-9C8F-403B-A57B-DF9A1C326A52}.Release|iPhoneSimulator.ActiveCfg = Release|Any CPU
		{06089E23-9C8F-403B-A57B-DF9A1C326A52}.Release|iPhoneSimulator.Build.0 = Release|Any CPU
		{06089E23-9C8F-403B-A57B-DF9A1C326A52}.Debug|iPhone.ActiveCfg = Debug|Any CPU
		{06089E23-9C8F-403B-A57B-DF9A1C326A52}.Debug|iPhone.Build.0 = Debug|Any CPU
	EndGlobalSection
EndGlobal
